
Microsoft Visual Studio Solution File, Format Version 12.00
# Visual Studio Version 17
VisualStudioVersion = 17.3.32819.101
MinimumVisualStudioVersion = 10.0.40219.1
Project("{2150E333-8FDC-42A3-9474-1A3956D46DE8}") = "Chapter_01", "Chapter_01", "{A72126AC-E3FA-47D4-BF8E-EC6B81175975}"
EndProject
Project("{9A19103F-16F7-4668-BE54-9A1E7A4F7556}") = "Chapter_01_HelloWorld", "Chapter_01_HelloWorld\Chapter_01_HelloWorld.csproj", "{D43290C7-6EDF-49FD-B4B0-1A5DAFFD12FF}"
EndProject
Project("{2150E333-8FDC-42A3-9474-1A3956D46DE8}") = "Chapter_02", "Chapter_02", "{62763684-3138-46AF-A97C-51EE7E539AA8}"
EndProject
Project("{2150E333-8FDC-42A3-9474-1A3956D46DE8}") = "Chapter_02_Certificates", "Chapter_02_Certificates", "{7E5E3DF4-D229-49F7-B02A-27C63602ED51}"
EndProject
Project("{9A19103F-16F7-4668-BE54-9A1E7A4F7556}") = "Chapter_02_Certificates", "Chapter_02_Certificates\Chapter_02_Certificates.csproj", "{4BA5127B-85CD-4319-A839-07F9AEE9D1D9}"
EndProject
Project("{2150E333-8FDC-42A3-9474-1A3956D46DE8}") = "Chapter_03", "Chapter_03", "{783B1478-D082-4C88-8D45-3F954FDE643F}"
EndProject
Project("{9A19103F-16F7-4668-BE54-9A1E7A4F7556}") = "Chapter_03", "Chapter_03\Chapter_03.csproj", "{2293ACB2-64A1-44B7-A021-584117CF809B}"
EndProject
Project("{2150E333-8FDC-42A3-9474-1A3956D46DE8}") = "Chapter_05", "Chapter_05", "{0EE4BD53-A054-4B1E-A29B-735F5F29B97E}"
EndProject
Project("{9A19103F-16F7-4668-BE54-9A1E7A4F7556}") = "PlaceApi", "PlaceApi\PlaceApi.csproj", "{48D41B5A-A321-4F84-A386-AD6070161060}"
EndProject
Project("{2150E333-8FDC-42A3-9474-1A3956D46DE8}") = "Chapter_06", "Chapter_06", "{4402381A-5156-4C4D-AA60-718745D226A3}"
EndProject
Project("{9A19103F-16F7-4668-BE54-9A1E7A4F7556}") = "BlazorApp1", "BlazorApp1\BlazorApp1.csproj", "{69EBB210-66DE-442C-B51B-18548B6426BF}"
EndProject
Project("{9A19103F-16F7-4668-BE54-9A1E7A4F7556}") = "BlazorWebAssembly", "BlazorWebAssembly\BlazorWebAssembly.csproj", "{0A5AB3E3-CF5F-49CB-9126-38464CD59524}"
EndProject
Project("{2150E333-8FDC-42A3-9474-1A3956D46DE8}") = "Chapter_07", "Chapter_07", "{1DB575CF-8B31-4118-BB68-F813FC681215}"
EndProject
Project("{9A19103F-16F7-4668-BE54-9A1E7A4F7556}") = "EFCore_DatabaseFirst", "EFCore_DatabaseFirst\EFCore_DatabaseFirst.csproj", "{F9E6398A-3F38-40EE-B361-E395A08CF326}"
EndProject
Project("{FAE04EC0-301F-11D3-BF4B-00C04F79EFBC}") = "EFCore_CodeFirst", "EFCore_CodeFirst\EFCore_CodeFirst.csproj", "{B2EC8FA4-7C58-4CAC-8720-6B7E977B04D8}"
EndProject
Global
	GlobalSection(SolutionConfigurationPlatforms) = preSolution
		Debug|Any CPU = Debug|Any CPU
		Release|Any CPU = Release|Any CPU
	EndGlobalSection
	GlobalSection(ProjectConfigurationPlatforms) = postSolution
		{D43290C7-6EDF-49FD-B4B0-1A5DAFFD12FF}.Debug|Any CPU.ActiveCfg = Debug|Any CPU
		{D43290C7-6EDF-49FD-B4B0-1A5DAFFD12FF}.Debug|Any CPU.Build.0 = Debug|Any CPU
		{D43290C7-6EDF-49FD-B4B0-1A5DAFFD12FF}.Release|Any CPU.ActiveCfg = Release|Any CPU
		{D43290C7-6EDF-49FD-B4B0-1A5DAFFD12FF}.Release|Any CPU.Build.0 = Release|Any CPU
		{4BA5127B-85CD-4319-A839-07F9AEE9D1D9}.Debug|Any CPU.ActiveCfg = Debug|Any CPU
		{4BA5127B-85CD-4319-A839-07F9AEE9D1D9}.Debug|Any CPU.Build.0 = Debug|Any CPU
		{4BA5127B-85CD-4319-A839-07F9AEE9D1D9}.Release|Any CPU.ActiveCfg = Release|Any CPU
		{4BA5127B-85CD-4319-A839-07F9AEE9D1D9}.Release|Any CPU.Build.0 = Release|Any CPU
		{2293ACB2-64A1-44B7-A021-584117CF809B}.Debug|Any CPU.ActiveCfg = Debug|Any CPU
		{2293ACB2-64A1-44B7-A021-584117CF809B}.Debug|Any CPU.Build.0 = Debug|Any CPU
		{2293ACB2-64A1-44B7-A021-584117CF809B}.Release|Any CPU.ActiveCfg = Release|Any CPU
		{2293ACB2-64A1-44B7-A021-584117CF809B}.Release|Any CPU.Build.0 = Release|Any CPU
		{48D41B5A-A321-4F84-A386-AD6070161060}.Debug|Any CPU.ActiveCfg = Debug|Any CPU
		{48D41B5A-A321-4F84-A386-AD6070161060}.Debug|Any CPU.Build.0 = Debug|Any CPU
		{48D41B5A-A321-4F84-A386-AD6070161060}.Release|Any CPU.ActiveCfg = Release|Any CPU
		{48D41B5A-A321-4F84-A386-AD6070161060}.Release|Any CPU.Build.0 = Release|Any CPU
		{69EBB210-66DE-442C-B51B-18548B6426BF}.Debug|Any CPU.ActiveCfg = Debug|Any CPU
		{69EBB210-66DE-442C-B51B-18548B6426BF}.Debug|Any CPU.Build.0 = Debug|Any CPU
		{69EBB210-66DE-442C-B51B-18548B6426BF}.Release|Any CPU.ActiveCfg = Release|Any CPU
		{69EBB210-66DE-442C-B51B-18548B6426BF}.Release|Any CPU.Build.0 = Release|Any CPU
		{0A5AB3E3-CF5F-49CB-9126-38464CD59524}.Debug|Any CPU.ActiveCfg = Debug|Any CPU
		{0A5AB3E3-CF5F-49CB-9126-38464CD59524}.Debug|Any CPU.Build.0 = Debug|Any CPU
		{0A5AB3E3-CF5F-49CB-9126-38464CD59524}.Release|Any CPU.ActiveCfg = Release|Any CPU
		{0A5AB3E3-CF5F-49CB-9126-38464CD59524}.Release|Any CPU.Build.0 = Release|Any CPU
		{F9E6398A-3F38-40EE-B361-E395A08CF326}.Debug|Any CPU.ActiveCfg = Debug|Any CPU
		{F9E6398A-3F38-40EE-B361-E395A08CF326}.Debug|Any CPU.Build.0 = Debug|Any CPU
		{F9E6398A-3F38-40EE-B361-E395A08CF326}.Release|Any CPU.ActiveCfg = Release|Any CPU
		{F9E6398A-3F38-40EE-B361-E395A08CF326}.Release|Any CPU.Build.0 = Release|Any CPU
		{B2EC8FA4-7C58-4CAC-8720-6B7E977B04D8}.Debug|Any CPU.ActiveCfg = Debug|Any CPU
		{B2EC8FA4-7C58-4CAC-8720-6B7E977B04D8}.Debug|Any CPU.Build.0 = Debug|Any CPU
		{B2EC8FA4-7C58-4CAC-8720-6B7E977B04D8}.Release|Any CPU.ActiveCfg = Release|Any CPU
		{B2EC8FA4-7C58-4CAC-8720-6B7E977B04D8}.Release|Any CPU.Build.0 = Release|Any CPU
	EndGlobalSection
	GlobalSection(SolutionProperties) = preSolution
		HideSolutionNode = FALSE
	EndGlobalSection
	GlobalSection(NestedProjects) = preSolution
		{D43290C7-6EDF-49FD-B4B0-1A5DAFFD12FF} = {A72126AC-E3FA-47D4-BF8E-EC6B81175975}
		{7E5E3DF4-D229-49F7-B02A-27C63602ED51} = {62763684-3138-46AF-A97C-51EE7E539AA8}
		{4BA5127B-85CD-4319-A839-07F9AEE9D1D9} = {7E5E3DF4-D229-49F7-B02A-27C63602ED51}
		{2293ACB2-64A1-44B7-A021-584117CF809B} = {783B1478-D082-4C88-8D45-3F954FDE643F}
		{48D41B5A-A321-4F84-A386-AD6070161060} = {0EE4BD53-A054-4B1E-A29B-735F5F29B97E}
		{69EBB210-66DE-442C-B51B-18548B6426BF} = {4402381A-5156-4C4D-AA60-718745D226A3}
		{0A5AB3E3-CF5F-49CB-9126-38464CD59524} = {4402381A-5156-4C4D-AA60-718745D226A3}
		{F9E6398A-3F38-40EE-B361-E395A08CF326} = {1DB575CF-8B31-4118-BB68-F813FC681215}
		{B2EC8FA4-7C58-4CAC-8720-6B7E977B04D8} = {1DB575CF-8B31-4118-BB68-F813FC681215}
	EndGlobalSection
	GlobalSection(ExtensibilityGlobals) = postSolution
		SolutionGuid = {07E0455C-E3E2-4E9C-9929-991964904C45}
	EndGlobalSection
EndGlobal
